{
  "version": 4,
  "terraform_version": "1.8.3",
  "serial": 2,
  "lineage": "2190ef8c-e662-3fec-c1cf-533478e53cdf",
  "outputs": {
    "my_iam_user_details": {
      "value": {
        "arn": "arn:aws:iam::905418047418:user/my_iam_usertf",
        "force_destroy": false,
        "id": "my_iam_usertf",
        "name": "my_iam_usertf",
        "path": "/",
        "permissions_boundary": "",
        "tags": null,
        "tags_all": {},
        "unique_id": "AIDA5FTY6765I6SRMZHCO"
      },
      "type": [
        "object",
        {
          "arn": "string",
          "force_destroy": "bool",
          "id": "string",
          "name": "string",
          "path": "string",
          "permissions_boundary": "string",
          "tags": [
            "map",
            "string"
          ],
          "tags_all": [
            "map",
            "string"
          ],
          "unique_id": "string"
        }
      ]
    }
  },
  "resources": [
    {
      "mode": "managed",
      "type": "aws_iam_user",
      "name": "my_iam_user",
      "provider": "provider[\"registry.terraform.io/hashicorp/aws\"]",
      "instances": [
        {
          "schema_version": 0,
          "attributes": {
            "arn": "arn:aws:iam::905418047418:user/my_iam_usertf",
            "force_destroy": false,
            "id": "my_iam_usertf",
            "name": "my_iam_usertf",
            "path": "/",
            "permissions_boundary": "",
            "tags": null,
            "tags_all": {},
            "unique_id": "AIDA5FTY6765I6SRMZHCO"
          },
          "sensitive_attributes": [],
          "private": "bnVsbA=="
        }
      ]
    }
  ],
  "check_results": null
}
