{
  "version": 4,
  "terraform_version": "1.8.3",
  "serial": 48,
  "lineage": "87398222-92b1-d607-bbb4-e86d0d9f13c6",
  "outputs": {
    "my_iam_user_details": {
      "value": {
        "dev": {
          "arn": "arn:aws:iam::905418047418:user/dev",
          "force_destroy": false,
          "id": "dev",
          "name": "dev",
          "path": "/",
          "permissions_boundary": null,
          "tags": {
            "location": "Pune"
          },
          "unique_id": "AIDA5FTY6765BI5CRBPJR"
        },
        "prod": {
          "arn": "arn:aws:iam::905418047418:user/prod",
          "force_destroy": false,
          "id": "prod",
          "name": "prod",
          "path": "/",
          "permissions_boundary": null,
          "tags": {
            "location": "Blore"
          },
          "unique_id": "AIDA5FTY6765AQZWX4LA5"
        },
        "qa": {
          "arn": "arn:aws:iam::905418047418:user/qa",
          "force_destroy": false,
          "id": "qa",
          "name": "qa",
          "path": "/",
          "permissions_boundary": null,
          "tags": {
            "location": "Hyd"
          },
          "unique_id": "AIDA5FTY6765B3OIUOCEX"
        },
        "stage": {
          "arn": "arn:aws:iam::905418047418:user/stage",
          "force_destroy": false,
          "id": "stage",
          "name": "stage",
          "path": "/",
          "permissions_boundary": null,
          "tags": {
            "location": "Noida"
          },
          "unique_id": "AIDA5FTY6765ODRNHM742"
        }
      },
      "type": [
        "object",
        {
          "dev": [
            "object",
            {
              "arn": "string",
              "force_destroy": "bool",
              "id": "string",
              "name": "string",
              "path": "string",
              "permissions_boundary": "string",
              "tags": [
                "map",
                "string"
              ],
              "unique_id": "string"
            }
          ],
          "prod": [
            "object",
            {
              "arn": "string",
              "force_destroy": "bool",
              "id": "string",
              "name": "string",
              "path": "string",
              "permissions_boundary": "string",
              "tags": [
                "map",
                "string"
              ],
              "unique_id": "string"
            }
          ],
          "qa": [
            "object",
            {
              "arn": "string",
              "force_destroy": "bool",
              "id": "string",
              "name": "string",
              "path": "string",
              "permissions_boundary": "string",
              "tags": [
                "map",
                "string"
              ],
              "unique_id": "string"
            }
          ],
          "stage": [
            "object",
            {
              "arn": "string",
              "force_destroy": "bool",
              "id": "string",
              "name": "string",
              "path": "string",
              "permissions_boundary": "string",
              "tags": [
                "map",
                "string"
              ],
              "unique_id": "string"
            }
          ]
        }
      ]
    }
  },
  "resources": [
    {
      "mode": "managed",
      "type": "aws_iam_user",
      "name": "my_iam_users",
      "provider": "provider[\"registry.terraform.io/hashicorp/aws\"]",
      "instances": [
        {
          "index_key": "dev",
          "schema_version": 0,
          "attributes": {
            "arn": "arn:aws:iam::905418047418:user/dev",
            "force_destroy": false,
            "id": "dev",
            "name": "dev",
            "path": "/",
            "permissions_boundary": null,
            "tags": {
              "location": "Pune"
            },
            "unique_id": "AIDA5FTY6765BI5CRBPJR"
          },
          "sensitive_attributes": [],
          "private": "bnVsbA=="
        },
        {
          "index_key": "prod",
          "schema_version": 0,
          "attributes": {
            "arn": "arn:aws:iam::905418047418:user/prod",
            "force_destroy": false,
            "id": "prod",
            "name": "prod",
            "path": "/",
            "permissions_boundary": null,
            "tags": {
              "location": "Blore"
            },
            "unique_id": "AIDA5FTY6765AQZWX4LA5"
          },
          "sensitive_attributes": [],
          "private": "bnVsbA=="
        },
        {
          "index_key": "qa",
          "schema_version": 0,
          "attributes": {
            "arn": "arn:aws:iam::905418047418:user/qa",
            "force_destroy": false,
            "id": "qa",
            "name": "qa",
            "path": "/",
            "permissions_boundary": null,
            "tags": {
              "location": "Hyd"
            },
            "unique_id": "AIDA5FTY6765B3OIUOCEX"
          },
          "sensitive_attributes": [],
          "private": "bnVsbA=="
        },
        {
          "index_key": "stage",
          "schema_version": 0,
          "attributes": {
            "arn": "arn:aws:iam::905418047418:user/stage",
            "force_destroy": false,
            "id": "stage",
            "name": "stage",
            "path": "/",
            "permissions_boundary": null,
            "tags": {
              "location": "Noida"
            },
            "unique_id": "AIDA5FTY6765ODRNHM742"
          },
          "sensitive_attributes": [],
          "private": "bnVsbA=="
        }
      ]
    }
  ],
  "check_results": null
}
